
Microsoft Visual Studio Solution File, Format Version 12.00
# Visual Studio Version 17
VisualStudioVersion = 17.13.35825.156 d17.13
MinimumVisualStudioVersion = 10.0.40219.1
Project("{FAE04EC0-301F-11D3-BF4B-00C04F79EFBC}") = "RPG-API", "RPG-API\RPG-API.csproj", "{52A72D5D-C022-4F72-B93D-6C5535A73941}"
EndProject
Project("{FAE04EC0-301F-11D3-BF4B-00C04F79EFBC}") = "DAL", "DAL\DAL.csproj", "{60F43157-0ECF-46E2-8BBB-F5045BAFB0A1}"
EndProject
Project("{FAE04EC0-301F-11D3-BF4B-00C04F79EFBC}") = "BLL", "BLL\BLL.csproj", "{68ACE2B0-57AB-4024-9FF1-61D20A41FFED}"
EndProject
Global
	GlobalSection(SolutionConfigurationPlatforms) = preSolution
		Debug|Any CPU = Debug|Any CPU
		Release|Any CPU = Release|Any CPU
	EndGlobalSection
	GlobalSection(ProjectConfigurationPlatforms) = postSolution
		{52A72D5D-C022-4F72-B93D-6C5535A73941}.Debug|Any CPU.ActiveCfg = Debug|Any CPU
		{52A72D5D-C022-4F72-B93D-6C5535A73941}.Debug|Any CPU.Build.0 = Debug|Any CPU
		{52A72D5D-C022-4F72-B93D-6C5535A73941}.Release|Any CPU.ActiveCfg = Release|Any CPU
		{52A72D5D-C022-4F72-B93D-6C5535A73941}.Release|Any CPU.Build.0 = Release|Any CPU
		{60F43157-0ECF-46E2-8BBB-F5045BAFB0A1}.Debug|Any CPU.ActiveCfg = Debug|Any CPU
		{60F43157-0ECF-46E2-8BBB-F5045BAFB0A1}.Debug|Any CPU.Build.0 = Debug|Any CPU
		{60F43157-0ECF-46E2-8BBB-F5045BAFB0A1}.Release|Any CPU.ActiveCfg = Release|Any CPU
		{60F43157-0ECF-46E2-8BBB-F5045BAFB0A1}.Release|Any CPU.Build.0 = Release|Any CPU
		{68ACE2B0-57AB-4024-9FF1-61D20A41FFED}.Debug|Any CPU.ActiveCfg = Debug|Any CPU
		{68ACE2B0-57AB-4024-9FF1-61D20A41FFED}.Debug|Any CPU.Build.0 = Debug|Any CPU
		{68ACE2B0-57AB-4024-9FF1-61D20A41FFED}.Release|Any CPU.ActiveCfg = Release|Any CPU
		{68ACE2B0-57AB-4024-9FF1-61D20A41FFED}.Release|Any CPU.Build.0 = Release|Any CPU
	EndGlobalSection
	GlobalSection(SolutionProperties) = preSolution
		HideSolutionNode = FALSE
	EndGlobalSection
	GlobalSection(ExtensibilityGlobals) = postSolution
		SolutionGuid = {ECC911D5-5214-448D-BB63-88CFE15EBADD}
	EndGlobalSection
EndGlobal
